
Microsoft Visual Studio Solution File, Format Version 12.00
# Visual Studio Version 17
VisualStudioVersion = 17.3.32929.385
MinimumVisualStudioVersion = 10.0.40219.1
Project("{FAE04EC0-301F-11D3-BF4B-00C04F79EFBC}") = "WPF_Binding", "Binding\WPF_Binding.csproj", "{D9F830AA-B5EE-4DA6-9075-D9C64760169D}"
EndProject
Global
	GlobalSection(SolutionConfigurationPlatforms) = preSolution
		Debug|Any CPU = Debug|Any CPU
		Release|Any CPU = Release|Any CPU
	EndGlobalSection
	GlobalSection(ProjectConfigurationPlatforms) = postSolution
		{D9F830AA-B5EE-4DA6-9075-D9C64760169D}.Debug|Any CPU.ActiveCfg = Debug|Any CPU
		{D9F830AA-B5EE-4DA6-9075-D9C64760169D}.Debug|Any CPU.Build.0 = Debug|Any CPU
		{D9F830AA-B5EE-4DA6-9075-D9C64760169D}.Release|Any CPU.ActiveCfg = Release|Any CPU
		{D9F830AA-B5EE-4DA6-9075-D9C64760169D}.Release|Any CPU.Build.0 = Release|Any CPU
	EndGlobalSection
	GlobalSection(SolutionProperties) = preSolution
		HideSolutionNode = FALSE
	EndGlobalSection
	GlobalSection(ExtensibilityGlobals) = postSolution
		SolutionGuid = {9917D134-911A-44C8-9C16-14718458C185}
	EndGlobalSection
EndGlobal
